{
  "lockfileVersion": 1,
  "configVersion": 1,
  "workspaces": {
    "": {
      "name": "video-render-platform",
    },
    "apps/orchestrator": {
      "name": "orchestrator",
      "dependencies": {
        "@hono/node-server": "^2.0.6",
        "hono": "^4.12.27",
      },
      "devDependencies": {
        "@types/node": "^20.11.17",
        "typescript": "^5.8.3",
      },
    },
  },
  "packages": {
    "@hono/node-server": ["@hono/node-server@2.0.6", "", { "peerDependencies": { "hono": "^4" } }, "sha512-7DeRlKG57JDBNZ5Qj2jwVdgwQy4b0tLubRLl3zCf91/rCf9i7p1V5FtW/yWibm1uUHE493ts9ZXH/7g/LQWl+g=="],

    "@types/node": ["@types/node@20.19.43", "", { "dependencies": { "undici-types": "~6.21.0" } }, "sha512-6oYBAi5ikg4Pl+kGsoYtawUMBT2zZMCvPNF7pVLnHZfd1zf38DRiWn/gT01RYCdUqkv7Fhr+C9ot4/tb+2sVvA=="],

    "hono": ["hono@4.12.27", "", {}, "sha512-1yrb/+w6HWQJrUCLkJ2IF5jNIPvvFkblV5RNOYl6bV+OA6p9GLcMpHFFGTosSvHvcAUibuUukRqhlYI4z32C7Q=="],

    "orchestrator": ["orchestrator@workspace:apps/orchestrator"],

    "typescript": ["typescript@5.9.3", "", { "bin": { "tsc": "bin/tsc", "tsserver": "bin/tsserver" } }, "sha512-jl1vZzPDinLr9eUt3J/t7V6FgNEw9QjvBPdysz9KfQDD41fQrC2Y4vKQdiaUpFT4bXlb1RHhLpp8wtm6M5TgSw=="],

    "undici-types": ["undici-types@6.21.0", "", {}, "sha512-iwDZqg0QAGrg9Rav5H4n0M64c3mkR59cJ6wQp+7C4nI0gsmExaedaYLNO44eT4AtBBwjbTiGPMlt2Md0T9H9JQ=="],
  }
}
